// !$*UTF8*$!
{
	archiveVersion = 1;
	classes = {
	};
	objectVersion = 50;
	objects = {

/* Begin PBXBuildFile section */
		B09AA3EC26719155007C2108 /* AppDelegate.swift in Sources */ = {isa = PBXBuildFile; fileRef = B09AA3EB26719155007C2108 /* AppDelegate.swift */; };
		B09AA3EE26719155007C2108 /* SceneDelegate.swift in Sources */ = {isa = PBXBuildFile; fileRef = B09AA3ED26719155007C2108 /* SceneDelegate.swift */; };
		B09AA3F026719155007C2108 /* ViewController.swift in Sources */ = {isa = PBXBuildFile; fileRef = B09AA3EF26719155007C2108 /* ViewController.swift */; };
		B09AA3F326719155007C2108 /* Main.storyboard in Resources */ = {isa = PBXBuildFile; fileRef = B09AA3F126719155007C2108 /* Main.storyboard */; };
		B09AA3F626719155007C2108 /* Sprint_0.xcdatamodeld in Sources */ = {isa = PBXBuildFile; fileRef = B09AA3F426719155007C2108 /* Sprint_0.xcdatamodeld */; };
		B09AA3F826719156007C2108 /* Assets.xcassets in Resources */ = {isa = PBXBuildFile; fileRef = B09AA3F726719156007C2108 /* Assets.xcassets */; };
		B09AA3FB26719156007C2108 /* LaunchScreen.storyboard in Resources */ = {isa = PBXBuildFile; fileRef = B09AA3F926719156007C2108 /* LaunchScreen.storyboard */; };
		B09AA40626719157007C2108 /* Sprint_0Tests.swift in Sources */ = {isa = PBXBuildFile; fileRef = B09AA40526719157007C2108 /* Sprint_0Tests.swift */; };
		B09AA41126719157007C2108 /* Sprint_0UITests.swift in Sources */ = {isa = PBXBuildFile; fileRef = B09AA41026719157007C2108 /* Sprint_0UITests.swift */; };
		B09AA41F267193CA007C2108 /* Random route.gpx in Resources */ = {isa = PBXBuildFile; fileRef = B09AA41E267193CA007C2108 /* Random route.gpx */; };
		B09AA423267193E4007C2108 /* HealthKit.framework in Frameworks */ = {isa = PBXBuildFile; fileRef = B09AA422267193E4007C2108 /* HealthKit.framework */; };
		B0A5CA872672FEC900305BA9 /* Interface.storyboard in Resources */ = {isa = PBXBuildFile; fileRef = B0A5CA852672FEC900305BA9 /* Interface.storyboard */; };
		B0A5CA892672FECA00305BA9 /* Assets.xcassets in Resources */ = {isa = PBXBuildFile; fileRef = B0A5CA882672FECA00305BA9 /* Assets.xcassets */; };
		B0A5CA902672FECB00305BA9 /* HeartRate Extension.appex in Embed App Extensions */ = {isa = PBXBuildFile; fileRef = B0A5CA8F2672FECB00305BA9 /* HeartRate Extension.appex */; settings = {ATTRIBUTES = (RemoveHeadersOnCopy, ); }; };
		B0A5CA952672FECB00305BA9 /* InterfaceController.swift in Sources */ = {isa = PBXBuildFile; fileRef = B0A5CA942672FECB00305BA9 /* InterfaceController.swift */; };
		B0A5CA972672FECB00305BA9 /* ExtensionDelegate.swift in Sources */ = {isa = PBXBuildFile; fileRef = B0A5CA962672FECB00305BA9 /* ExtensionDelegate.swift */; };
		B0A5CA992672FECB00305BA9 /* NotificationController.swift in Sources */ = {isa = PBXBuildFile; fileRef = B0A5CA982672FECB00305BA9 /* NotificationController.swift */; };
		B0A5CA9B2672FECB00305BA9 /* ComplicationController.swift in Sources */ = {isa = PBXBuildFile; fileRef = B0A5CA9A2672FECB00305BA9 /* ComplicationController.swift */; };
		B0A5CA9D2672FECC00305BA9 /* Assets.xcassets in Resources */ = {isa = PBXBuildFile; fileRef = B0A5CA9C2672FECC00305BA9 /* Assets.xcassets */; };
		B0A5CAA92672FECC00305BA9 /* HeartRateTests.swift in Sources */ = {isa = PBXBuildFile; fileRef = B0A5CAA82672FECC00305BA9 /* HeartRateTests.swift */; };
		B0A5CAB42672FECC00305BA9 /* HeartRateUITests.swift in Sources */ = {isa = PBXBuildFile; fileRef = B0A5CAB32672FECC00305BA9 /* HeartRateUITests.swift */; };
		B0A5CAB82672FECC00305BA9 /* HeartRate.app in Embed Watch Content */ = {isa = PBXBuildFile; fileRef = B0A5CA832672FEC900305BA9 /* HeartRate.app */; settings = {ATTRIBUTES = (RemoveHeadersOnCopy, ); }; };
		B0A5CAC926733E5400305BA9 /* HealthKit.framework in Frameworks */ = {isa = PBXBuildFile; fileRef = B0A5CAC826733E5400305BA9 /* HealthKit.framework */; };
/* End PBXBuildFile section */

/* Begin PBXContainerItemProxy section */
		B09AA40226719157007C2108 /* PBXContainerItemProxy */ = {
			isa = PBXContainerItemProxy;
			containerPortal = B09AA3E026719155007C2108 /* Project object */;
			proxyType = 1;
			remoteGlobalIDString = B09AA3E726719155007C2108;
			remoteInfo = Sprint_0;
		};
		B09AA40D26719157007C2108 /* PBXContainerItemProxy */ = {
			isa = PBXContainerItemProxy;
			containerPortal = B09AA3E026719155007C2108 /* Project object */;
			proxyType = 1;
			remoteGlobalIDString = B09AA3E726719155007C2108;
			remoteInfo = Sprint_0;
		};
		B0A5CA912672FECB00305BA9 /* PBXContainerItemProxy */ = {
			isa = PBXContainerItemProxy;
			containerPortal = B09AA3E026719155007C2108 /* Project object */;
			proxyType = 1;
			remoteGlobalIDString = B0A5CA8E2672FECB00305BA9;
			remoteInfo = "HeartRate Extension";
		};
		B0A5CAA52672FECC00305BA9 /* PBXContainerItemProxy */ = {
			isa = PBXContainerItemProxy;
			containerPortal = B09AA3E026719155007C2108 /* Project object */;
			proxyType = 1;
			remoteGlobalIDString = B0A5CA8E2672FECB00305BA9;
			remoteInfo = "HeartRate Extension";
		};
		B0A5CAB02672FECC00305BA9 /* PBXContainerItemProxy */ = {
			isa = PBXContainerItemProxy;
			containerPortal = B09AA3E026719155007C2108 /* Project object */;
			proxyType = 1;
			remoteGlobalIDString = B0A5CA822672FEC900305BA9;
			remoteInfo = HeartRate;
		};
		B0A5CAB62672FECC00305BA9 /* PBXContainerItemProxy */ = {
			isa = PBXContainerItemProxy;
			containerPortal = B09AA3E026719155007C2108 /* Project object */;
			proxyType = 1;
			remoteGlobalIDString = B0A5CA822672FEC900305BA9;
			remoteInfo = HeartRate;
		};
/* End PBXContainerItemProxy section */

/* Begin PBXCopyFilesBuildPhase section */
		B0A5CAB92672FECC00305BA9 /* Embed Watch Content */ = {
			isa = PBXCopyFilesBuildPhase;
			buildActionMask = 2147483647;
			dstPath = "$(CONTENTS_FOLDER_PATH)/Watch";
			dstSubfolderSpec = 16;
			files = (
				B0A5CAB82672FECC00305BA9 /* HeartRate.app in Embed Watch Content */,
			);
			name = "Embed Watch Content";
			runOnlyForDeploymentPostprocessing = 0;
		};
		B0A5CABC2672FECC00305BA9 /* Embed App Extensions */ = {
			isa = PBXCopyFilesBuildPhase;
			buildActionMask = 2147483647;
			dstPath = "";
			dstSubfolderSpec = 13;
			files = (
				B0A5CA902672FECB00305BA9 /* HeartRate Extension.appex in Embed App Extensions */,
			);
			name = "Embed App Extensions";
			runOnlyForDeploymentPostprocessing = 0;
		};
/* End PBXCopyFilesBuildPhase section */

/* Begin PBXFileReference section */
		B09AA3E826719155007C2108 /* Sprint_0.app */ = {isa = PBXFileReference; explicitFileType = wrapper.application; includeInIndex = 0; path = Sprint_0.app; sourceTree = BUILT_PRODUCTS_DIR; };
		B09AA3EB26719155007C2108 /* AppDelegate.swift */ = {isa = PBXFileReference; lastKnownFileType = sourcecode.swift; path = AppDelegate.swift; sourceTree = "<group>"; };
		B09AA3ED26719155007C2108 /* SceneDelegate.swift */ = {isa = PBXFileReference; lastKnownFileType = sourcecode.swift; path = SceneDelegate.swift; sourceTree = "<group>"; };
		B09AA3EF26719155007C2108 /* ViewController.swift */ = {isa = PBXFileReference; lastKnownFileType = sourcecode.swift; path = ViewController.swift; sourceTree = "<group>"; };
		B09AA3F226719155007C2108 /* Base */ = {isa = PBXFileReference; lastKnownFileType = file.storyboard; name = Base; path = Base.lproj/Main.storyboard; sourceTree = "<group>"; };
		B09AA3F526719155007C2108 /* Sprint_0.xcdatamodel */ = {isa = PBXFileReference; lastKnownFileType = wrapper.xcdatamodel; path = Sprint_0.xcdatamodel; sourceTree = "<group>"; };
		B09AA3F726719156007C2108 /* Assets.xcassets */ = {isa = PBXFileReference; lastKnownFileType = folder.assetcatalog; path = Assets.xcassets; sourceTree = "<group>"; };
		B09AA3FA26719156007C2108 /* Base */ = {isa = PBXFileReference; lastKnownFileType = file.storyboard; name = Base; path = Base.lproj/LaunchScreen.storyboard; sourceTree = "<group>"; };
		B09AA3FC26719156007C2108 /* Info.plist */ = {isa = PBXFileReference; lastKnownFileType = text.plist.xml; path = Info.plist; sourceTree = "<group>"; };
		B09AA40126719157007C2108 /* Sprint_0Tests.xctest */ = {isa = PBXFileReference; explicitFileType = wrapper.cfbundle; includeInIndex = 0; path = Sprint_0Tests.xctest; sourceTree = BUILT_PRODUCTS_DIR; };
		B09AA40526719157007C2108 /* Sprint_0Tests.swift */ = {isa = PBXFileReference; lastKnownFileType = sourcecode.swift; path = Sprint_0Tests.swift; sourceTree = "<group>"; };
		B09AA40726719157007C2108 /* Info.plist */ = {isa = PBXFileReference; lastKnownFileType = text.plist.xml; path = Info.plist; sourceTree = "<group>"; };
		B09AA40C26719157007C2108 /* Sprint_0UITests.xctest */ = {isa = PBXFileReference; explicitFileType = wrapper.cfbundle; includeInIndex = 0; path = Sprint_0UITests.xctest; sourceTree = BUILT_PRODUCTS_DIR; };
		B09AA41026719157007C2108 /* Sprint_0UITests.swift */ = {isa = PBXFileReference; lastKnownFileType = sourcecode.swift; path = Sprint_0UITests.swift; sourceTree = "<group>"; };
		B09AA41226719157007C2108 /* Info.plist */ = {isa = PBXFileReference; lastKnownFileType = text.plist.xml; path = Info.plist; sourceTree = "<group>"; };
		B09AA41E267193CA007C2108 /* Random route.gpx */ = {isa = PBXFileReference; fileEncoding = 4; lastKnownFileType = text.xml; path = "Random route.gpx"; sourceTree = "<group>"; };
		B09AA420267193E4007C2108 /* Sprint_0.entitlements */ = {isa = PBXFileReference; lastKnownFileType = text.plist.entitlements; path = Sprint_0.entitlements; sourceTree = "<group>"; };
		B09AA422267193E4007C2108 /* HealthKit.framework */ = {isa = PBXFileReference; lastKnownFileType = wrapper.framework; name = HealthKit.framework; path = System/Library/Frameworks/HealthKit.framework; sourceTree = SDKROOT; };
		B0A5CA832672FEC900305BA9 /* HeartRate.app */ = {isa = PBXFileReference; explicitFileType = wrapper.application; includeInIndex = 0; path = HeartRate.app; sourceTree = BUILT_PRODUCTS_DIR; };
		B0A5CA862672FEC900305BA9 /* Base */ = {isa = PBXFileReference; lastKnownFileType = file.storyboard; name = Base; path = Base.lproj/Interface.storyboard; sourceTree = "<group>"; };
		B0A5CA882672FECA00305BA9 /* Assets.xcassets */ = {isa = PBXFileReference; lastKnownFileType = folder.assetcatalog; path = Assets.xcassets; sourceTree = "<group>"; };
		B0A5CA8A2672FECA00305BA9 /* Info.plist */ = {isa = PBXFileReference; lastKnownFileType = text.plist.xml; path = Info.plist; sourceTree = "<group>"; };
		B0A5CA8F2672FECB00305BA9 /* HeartRate Extension.appex */ = {isa = PBXFileReference; explicitFileType = "wrapper.app-extension"; includeInIndex = 0; path = "HeartRate Extension.appex"; sourceTree = BUILT_PRODUCTS_DIR; };
		B0A5CA942672FECB00305BA9 /* InterfaceController.swift */ = {isa = PBXFileReference; lastKnownFileType = sourcecode.swift; path = InterfaceController.swift; sourceTree = "<group>"; };
		B0A5CA962672FECB00305BA9 /* ExtensionDelegate.swift */ = {isa = PBXFileReference; lastKnownFileType = sourcecode.swift; path = ExtensionDelegate.swift; sourceTree = "<group>"; };
		B0A5CA982672FECB00305BA9 /* NotificationController.swift */ = {isa = PBXFileReference; lastKnownFileType = sourcecode.swift; path = NotificationController.swift; sourceTree = "<group>"; };
		B0A5CA9A2672FECB00305BA9 /* ComplicationController.swift */ = {isa = PBXFileReference; lastKnownFileType = sourcecode.swift; path = ComplicationController.swift; sourceTree = "<group>"; };
		B0A5CA9C2672FECC00305BA9 /* Assets.xcassets */ = {isa = PBXFileReference; lastKnownFileType = folder.assetcatalog; path = Assets.xcassets; sourceTree = "<group>"; };
		B0A5CA9E2672FECC00305BA9 /* Info.plist */ = {isa = PBXFileReference; lastKnownFileType = text.plist.xml; path = Info.plist; sourceTree = "<group>"; };
		B0A5CA9F2672FECC00305BA9 /* PushNotificationPayload.apns */ = {isa = PBXFileReference; lastKnownFileType = text; path = PushNotificationPayload.apns; sourceTree = "<group>"; };
		B0A5CAA42672FECC00305BA9 /* HeartRateTests.xctest */ = {isa = PBXFileReference; explicitFileType = wrapper.cfbundle; includeInIndex = 0; path = HeartRateTests.xctest; sourceTree = BUILT_PRODUCTS_DIR; };
		B0A5CAA82672FECC00305BA9 /* HeartRateTests.swift */ = {isa = PBXFileReference; lastKnownFileType = sourcecode.swift; path = HeartRateTests.swift; sourceTree = "<group>"; };
		B0A5CAAA2672FECC00305BA9 /* Info.plist */ = {isa = PBXFileReference; lastKnownFileType = text.plist.xml; path = Info.plist; sourceTree = "<group>"; };
		B0A5CAAF2672FECC00305BA9 /* HeartRateUITests.xctest */ = {isa = PBXFileReference; explicitFileType = wrapper.cfbundle; includeInIndex = 0; path = HeartRateUITests.xctest; sourceTree = BUILT_PRODUCTS_DIR; };
		B0A5CAB32672FECC00305BA9 /* HeartRateUITests.swift */ = {isa = PBXFileReference; lastKnownFileType = sourcecode.swift; path = HeartRateUITests.swift; sourceTree = "<group>"; };
		B0A5CAB52672FECC00305BA9 /* Info.plist */ = {isa = PBXFileReference; lastKnownFileType = text.plist.xml; path = Info.plist; sourceTree = "<group>"; };
		B0A5CAC726733E5400305BA9 /* HeartRate Extension.entitlements */ = {isa = PBXFileReference; lastKnownFileType = text.plist.entitlements; path = "HeartRate Extension.entitlements"; sourceTree = "<group>"; };
		B0A5CAC826733E5400305BA9 /* HealthKit.framework */ = {isa = PBXFileReference; lastKnownFileType = wrapper.framework; name = HealthKit.framework; path = Platforms/WatchOS.platform/Developer/SDKs/WatchOS7.4.sdk/System/Library/Frameworks/HealthKit.framework; sourceTree = DEVELOPER_DIR; };
/* End PBXFileReference section */

/* Begin PBXFrameworksBuildPhase section */
		B09AA3E526719155007C2108 /* Frameworks */ = {
			isa = PBXFrameworksBuildPhase;
			buildActionMask = 2147483647;
			files = (
				B09AA423267193E4007C2108 /* HealthKit.framework in Frameworks */,
			);
			runOnlyForDeploymentPostprocessing = 0;
		};
		B09AA3FE26719157007C2108 /* Frameworks */ = {
			isa = PBXFrameworksBuildPhase;
			buildActionMask = 2147483647;
			files = (
			);
			runOnlyForDeploymentPostprocessing = 0;
		};
		B09AA40926719157007C2108 /* Frameworks */ = {
			isa = PBXFrameworksBuildPhase;
			buildActionMask = 2147483647;
			files = (
			);
			runOnlyForDeploymentPostprocessing = 0;
		};
		B0A5CA8C2672FECB00305BA9 /* Frameworks */ = {
			isa = PBXFrameworksBuildPhase;
			buildActionMask = 2147483647;
			files = (
				B0A5CAC926733E5400305BA9 /* HealthKit.framework in Frameworks */,
			);
			runOnlyForDeploymentPostprocessing = 0;
		};
		B0A5CAA12672FECC00305BA9 /* Frameworks */ = {
			isa = PBXFrameworksBuildPhase;
			buildActionMask = 2147483647;
			files = (
			);
			runOnlyForDeploymentPostprocessing = 0;
		};
		B0A5CAAC2672FECC00305BA9 /* Frameworks */ = {
			isa = PBXFrameworksBuildPhase;
			buildActionMask = 2147483647;
			files = (
			);
			runOnlyForDeploymentPostprocessing = 0;
		};
/* End PBXFrameworksBuildPhase section */

/* Begin PBXGroup section */
		B09AA3DF26719155007C2108 = {
			isa = PBXGroup;
			children = (
				B09AA3EA26719155007C2108 /* Sprint_0 */,
				B09AA40426719157007C2108 /* Sprint_0Tests */,
				B09AA40F26719157007C2108 /* Sprint_0UITests */,
				B0A5CA842672FEC900305BA9 /* HeartRate */,
				B0A5CA932672FECB00305BA9 /* HeartRate Extension */,
				B0A5CAA72672FECC00305BA9 /* HeartRateTests */,
				B0A5CAB22672FECC00305BA9 /* HeartRateUITests */,
				B09AA3E926719155007C2108 /* Products */,
				B09AA421267193E4007C2108 /* Frameworks */,
			);
			sourceTree = "<group>";
		};
		B09AA3E926719155007C2108 /* Products */ = {
			isa = PBXGroup;
			children = (
				B09AA3E826719155007C2108 /* Sprint_0.app */,
				B09AA40126719157007C2108 /* Sprint_0Tests.xctest */,
				B09AA40C26719157007C2108 /* Sprint_0UITests.xctest */,
				B0A5CA832672FEC900305BA9 /* HeartRate.app */,
				B0A5CA8F2672FECB00305BA9 /* HeartRate Extension.appex */,
				B0A5CAA42672FECC00305BA9 /* HeartRateTests.xctest */,
				B0A5CAAF2672FECC00305BA9 /* HeartRateUITests.xctest */,
			);
			name = Products;
			sourceTree = "<group>";
		};
		B09AA3EA26719155007C2108 /* Sprint_0 */ = {
			isa = PBXGroup;
			children = (
				B09AA420267193E4007C2108 /* Sprint_0.entitlements */,
				B09AA41E267193CA007C2108 /* Random route.gpx */,
				B09AA3EB26719155007C2108 /* AppDelegate.swift */,
				B09AA3ED26719155007C2108 /* SceneDelegate.swift */,
				B09AA3EF26719155007C2108 /* ViewController.swift */,
				B09AA3F126719155007C2108 /* Main.storyboard */,
				B09AA3F726719156007C2108 /* Assets.xcassets */,
				B09AA3F926719156007C2108 /* LaunchScreen.storyboard */,
				B09AA3FC26719156007C2108 /* Info.plist */,
				B09AA3F426719155007C2108 /* Sprint_0.xcdatamodeld */,
			);
			path = Sprint_0;
			sourceTree = "<group>";
		};
		B09AA40426719157007C2108 /* Sprint_0Tests */ = {
			isa = PBXGroup;
			children = (
				B09AA40526719157007C2108 /* Sprint_0Tests.swift */,
				B09AA40726719157007C2108 /* Info.plist */,
			);
			path = Sprint_0Tests;
			sourceTree = "<group>";
		};
		B09AA40F26719157007C2108 /* Sprint_0UITests */ = {
			isa = PBXGroup;
			children = (
				B09AA41026719157007C2108 /* Sprint_0UITests.swift */,
				B09AA41226719157007C2108 /* Info.plist */,
			);
			path = Sprint_0UITests;
			sourceTree = "<group>";
		};
		B09AA421267193E4007C2108 /* Frameworks */ = {
			isa = PBXGroup;
			children = (
				B0A5CAC826733E5400305BA9 /* HealthKit.framework */,
				B09AA422267193E4007C2108 /* HealthKit.framework */,
			);
			name = Frameworks;
			sourceTree = "<group>";
		};
		B0A5CA842672FEC900305BA9 /* HeartRate */ = {
			isa = PBXGroup;
			children = (
				B0A5CA852672FEC900305BA9 /* Interface.storyboard */,
				B0A5CA882672FECA00305BA9 /* Assets.xcassets */,
				B0A5CA8A2672FECA00305BA9 /* Info.plist */,
			);
			path = HeartRate;
			sourceTree = "<group>";
		};
		B0A5CA932672FECB00305BA9 /* HeartRate Extension */ = {
			isa = PBXGroup;
			children = (
				B0A5CAC726733E5400305BA9 /* HeartRate Extension.entitlements */,
				B0A5CA942672FECB00305BA9 /* InterfaceController.swift */,
				B0A5CA962672FECB00305BA9 /* ExtensionDelegate.swift */,
				B0A5CA982672FECB00305BA9 /* NotificationController.swift */,
				B0A5CA9A2672FECB00305BA9 /* ComplicationController.swift */,
				B0A5CA9C2672FECC00305BA9 /* Assets.xcassets */,
				B0A5CA9E2672FECC00305BA9 /* Info.plist */,
				B0A5CA9F2672FECC00305BA9 /* PushNotificationPayload.apns */,
			);
			path = "HeartRate Extension";
			sourceTree = "<group>";
		};
		B0A5CAA72672FECC00305BA9 /* HeartRateTests */ = {
			isa = PBXGroup;
			children = (
				B0A5CAA82672FECC00305BA9 /* HeartRateTests.swift */,
				B0A5CAAA2672FECC00305BA9 /* Info.plist */,
			);
			path = HeartRateTests;
			sourceTree = "<group>";
		};
		B0A5CAB22672FECC00305BA9 /* HeartRateUITests */ = {
			isa = PBXGroup;
			children = (
				B0A5CAB32672FECC00305BA9 /* HeartRateUITests.swift */,
				B0A5CAB52672FECC00305BA9 /* Info.plist */,
			);
			path = HeartRateUITests;
			sourceTree = "<group>";
		};
/* End PBXGroup section */

/* Begin PBXNativeTarget section */
		B09AA3E726719155007C2108 /* Sprint_0 */ = {
			isa = PBXNativeTarget;
			buildConfigurationList = B09AA41526719157007C2108 /* Build configuration list for PBXNativeTarget "Sprint_0" */;
			buildPhases = (
				B09AA3E426719155007C2108 /* Sources */,
				B09AA3E526719155007C2108 /* Frameworks */,
				B09AA3E626719155007C2108 /* Resources */,
				B0A5CAB92672FECC00305BA9 /* Embed Watch Content */,
			);
			buildRules = (
			);
			dependencies = (
				B0A5CAB72672FECC00305BA9 /* PBXTargetDependency */,
			);
			name = Sprint_0;
			productName = Sprint_0;
			productReference = B09AA3E826719155007C2108 /* Sprint_0.app */;
			productType = "com.apple.product-type.application";
		};
		B09AA40026719157007C2108 /* Sprint_0Tests */ = {
			isa = PBXNativeTarget;
			buildConfigurationList = B09AA41826719157007C2108 /* Build configuration list for PBXNativeTarget "Sprint_0Tests" */;
			buildPhases = (
				B09AA3FD26719157007C2108 /* Sources */,
				B09AA3FE26719157007C2108 /* Frameworks */,
				B09AA3FF26719157007C2108 /* Resources */,
			);
			buildRules = (
			);
			dependencies = (
				B09AA40326719157007C2108 /* PBXTargetDependency */,
			);
			name = Sprint_0Tests;
			productName = Sprint_0Tests;
			productReference = B09AA40126719157007C2108 /* Sprint_0Tests.xctest */;
			productType = "com.apple.product-type.bundle.unit-test";
		};
		B09AA40B26719157007C2108 /* Sprint_0UITests */ = {
			isa = PBXNativeTarget;
			buildConfigurationList = B09AA41B26719157007C2108 /* Build configuration list for PBXNativeTarget "Sprint_0UITests" */;
			buildPhases = (
				B09AA40826719157007C2108 /* Sources */,
				B09AA40926719157007C2108 /* Frameworks */,
				B09AA40A26719157007C2108 /* Resources */,
			);
			buildRules = (
			);
			dependencies = (
				B09AA40E26719157007C2108 /* PBXTargetDependency */,
			);
			name = Sprint_0UITests;
			productName = Sprint_0UITests;
			productReference = B09AA40C26719157007C2108 /* Sprint_0UITests.xctest */;
			productType = "com.apple.product-type.bundle.ui-testing";
		};
		B0A5CA822672FEC900305BA9 /* HeartRate */ = {
			isa = PBXNativeTarget;
			buildConfigurationList = B0A5CAC42672FECC00305BA9 /* Build configuration list for PBXNativeTarget "HeartRate" */;
			buildPhases = (
				B0A5CA812672FEC900305BA9 /* Resources */,
				B0A5CABC2672FECC00305BA9 /* Embed App Extensions */,
			);
			buildRules = (
			);
			dependencies = (
				B0A5CA922672FECB00305BA9 /* PBXTargetDependency */,
			);
			name = HeartRate;
			productName = HeartRate;
			productReference = B0A5CA832672FEC900305BA9 /* HeartRate.app */;
			productType = "com.apple.product-type.application.watchapp2";
		};
		B0A5CA8E2672FECB00305BA9 /* HeartRate Extension */ = {
			isa = PBXNativeTarget;
			buildConfigurationList = B0A5CAC32672FECC00305BA9 /* Build configuration list for PBXNativeTarget "HeartRate Extension" */;
			buildPhases = (
				B0A5CA8B2672FECB00305BA9 /* Sources */,
				B0A5CA8C2672FECB00305BA9 /* Frameworks */,
				B0A5CA8D2672FECB00305BA9 /* Resources */,
			);
			buildRules = (
			);
			dependencies = (
			);
			name = "HeartRate Extension";
			productName = "HeartRate Extension";
			productReference = B0A5CA8F2672FECB00305BA9 /* HeartRate Extension.appex */;
			productType = "com.apple.product-type.watchkit2-extension";
		};
		B0A5CAA32672FECC00305BA9 /* HeartRateTests */ = {
			isa = PBXNativeTarget;
			buildConfigurationList = B0A5CAC52672FECC00305BA9 /* Build configuration list for PBXNativeTarget "HeartRateTests" */;
			buildPhases = (
				B0A5CAA02672FECC00305BA9 /* Sources */,
				B0A5CAA12672FECC00305BA9 /* Frameworks */,
				B0A5CAA22672FECC00305BA9 /* Resources */,
			);
			buildRules = (
			);
			dependencies = (
				B0A5CAA62672FECC00305BA9 /* PBXTargetDependency */,
			);
			name = HeartRateTests;
			productName = HeartRateTests;
			productReference = B0A5CAA42672FECC00305BA9 /* HeartRateTests.xctest */;
			productType = "com.apple.product-type.bundle.unit-test";
		};
		B0A5CAAE2672FECC00305BA9 /* HeartRateUITests */ = {
			isa = PBXNativeTarget;
			buildConfigurationList = B0A5CAC62672FECC00305BA9 /* Build configuration list for PBXNativeTarget "HeartRateUITests" */;
			buildPhases = (
				B0A5CAAB2672FECC00305BA9 /* Sources */,
				B0A5CAAC2672FECC00305BA9 /* Frameworks */,
				B0A5CAAD2672FECC00305BA9 /* Resources */,
			);
			buildRules = (
			);
			dependencies = (
				B0A5CAB12672FECC00305BA9 /* PBXTargetDependency */,
			);
			name = HeartRateUITests;
			productName = HeartRateUITests;
			productReference = B0A5CAAF2672FECC00305BA9 /* HeartRateUITests.xctest */;
			productType = "com.apple.product-type.bundle.ui-testing";
		};
/* End PBXNativeTarget section */

/* Begin PBXProject section */
		B09AA3E026719155007C2108 /* Project object */ = {
			isa = PBXProject;
			attributes = {
				LastSwiftUpdateCheck = 1250;
				LastUpgradeCheck = 1250;
				TargetAttributes = {
					B09AA3E726719155007C2108 = {
						CreatedOnToolsVersion = 12.5;
					};
					B09AA40026719157007C2108 = {
						CreatedOnToolsVersion = 12.5;
						TestTargetID = B09AA3E726719155007C2108;
					};
					B09AA40B26719157007C2108 = {
						CreatedOnToolsVersion = 12.5;
						TestTargetID = B09AA3E726719155007C2108;
					};
					B0A5CA822672FEC900305BA9 = {
						CreatedOnToolsVersion = 12.5;
					};
					B0A5CA8E2672FECB00305BA9 = {
						CreatedOnToolsVersion = 12.5;
					};
					B0A5CAA32672FECC00305BA9 = {
						CreatedOnToolsVersion = 12.5;
						TestTargetID = B0A5CA8E2672FECB00305BA9;
					};
					B0A5CAAE2672FECC00305BA9 = {
						CreatedOnToolsVersion = 12.5;
						TestTargetID = B0A5CA822672FEC900305BA9;
					};
				};
			};
			buildConfigurationList = B09AA3E326719155007C2108 /* Build configuration list for PBXProject "Sprint_0" */;
			compatibilityVersion = "Xcode 9.3";
			developmentRegion = en;
			hasScannedForEncodings = 0;
			knownRegions = (
				en,
				Base,
			);
			mainGroup = B09AA3DF26719155007C2108;
			productRefGroup = B09AA3E926719155007C2108 /* Products */;
			projectDirPath = "";
			projectRoot = "";
			targets = (
				B09AA3E726719155007C2108 /* Sprint_0 */,
				B09AA40026719157007C2108 /* Sprint_0Tests */,
				B09AA40B26719157007C2108 /* Sprint_0UITests */,
				B0A5CA822672FEC900305BA9 /* HeartRate */,
				B0A5CA8E2672FECB00305BA9 /* HeartRate Extension */,
				B0A5CAA32672FECC00305BA9 /* HeartRateTests */,
				B0A5CAAE2672FECC00305BA9 /* HeartRateUITests */,
			);
		};
/* End PBXProject section */

/* Begin PBXResourcesBuildPhase section */
		B09AA3E626719155007C2108 /* Resources */ = {
			isa = PBXResourcesBuildPhase;
			buildActionMask = 2147483647;
			files = (
				B09AA3FB26719156007C2108 /* LaunchScreen.storyboard in Resources */,
				B09AA41F267193CA007C2108 /* Random route.gpx in Resources */,
				B09AA3F826719156007C2108 /* Assets.xcassets in Resources */,
				B09AA3F326719155007C2108 /* Main.storyboard in Resources */,
			);
			runOnlyForDeploymentPostprocessing = 0;
		};
		B09AA3FF26719157007C2108 /* Resources */ = {
			isa = PBXResourcesBuildPhase;
			buildActionMask = 2147483647;
			files = (
			);
			runOnlyForDeploymentPostprocessing = 0;
		};
		B09AA40A26719157007C2108 /* Resources */ = {
			isa = PBXResourcesBuildPhase;
			buildActionMask = 2147483647;
			files = (
			);
			runOnlyForDeploymentPostprocessing = 0;
		};
		B0A5CA812672FEC900305BA9 /* Resources */ = {
			isa = PBXResourcesBuildPhase;
			buildActionMask = 2147483647;
			files = (
				B0A5CA892672FECA00305BA9 /* Assets.xcassets in Resources */,
				B0A5CA872672FEC900305BA9 /* Interface.storyboard in Resources */,
			);
			runOnlyForDeploymentPostprocessing = 0;
		};
		B0A5CA8D2672FECB00305BA9 /* Resources */ = {
			isa = PBXResourcesBuildPhase;
			buildActionMask = 2147483647;
			files = (
				B0A5CA9D2672FECC00305BA9 /* Assets.xcassets in Resources */,
			);
			runOnlyForDeploymentPostprocessing = 0;
		};
		B0A5CAA22672FECC00305BA9 /* Resources */ = {
			isa = PBXResourcesBuildPhase;
			buildActionMask = 2147483647;
			files = (
			);
			runOnlyForDeploymentPostprocessing = 0;
		};
		B0A5CAAD2672FECC00305BA9 /* Resources */ = {
			isa = PBXResourcesBuildPhase;
			buildActionMask = 2147483647;
			files = (
			);
			runOnlyForDeploymentPostprocessing = 0;
		};
/* End PBXResourcesBuildPhase section */

/* Begin PBXSourcesBuildPhase section */
		B09AA3E426719155007C2108 /* Sources */ = {
			isa = PBXSourcesBuildPhase;
			buildActionMask = 2147483647;
			files = (
				B09AA3F626719155007C2108 /* Sprint_0.xcdatamodeld in Sources */,
				B09AA3F026719155007C2108 /* ViewController.swift in Sources */,
				B09AA3EC26719155007C2108 /* AppDelegate.swift in Sources */,
				B09AA3EE26719155007C2108 /* SceneDelegate.swift in Sources */,
			);
			runOnlyForDeploymentPostprocessing = 0;
		};
		B09AA3FD26719157007C2108 /* Sources */ = {
			isa = PBXSourcesBuildPhase;
			buildActionMask = 2147483647;
			files = (
				B09AA40626719157007C2108 /* Sprint_0Tests.swift in Sources */,
			);
			runOnlyForDeploymentPostprocessing = 0;
		};
		B09AA40826719157007C2108 /* Sources */ = {
			isa = PBXSourcesBuildPhase;
			buildActionMask = 2147483647;
			files = (
				B09AA41126719157007C2108 /* Sprint_0UITests.swift in Sources */,
			);
			runOnlyForDeploymentPostprocessing = 0;
		};
		B0A5CA8B2672FECB00305BA9 /* Sources */ = {
			isa = PBXSourcesBuildPhase;
			buildActionMask = 2147483647;
			files = (
				B0A5CA992672FECB00305BA9 /* NotificationController.swift in Sources */,
				B0A5CA9B2672FECB00305BA9 /* ComplicationController.swift in Sources */,
				B0A5CA972672FECB00305BA9 /* ExtensionDelegate.swift in Sources */,
				B0A5CA952672FECB00305BA9 /* InterfaceController.swift in Sources */,
			);
			runOnlyForDeploymentPostprocessing = 0;
		};
		B0A5CAA02672FECC00305BA9 /* Sources */ = {
			isa = PBXSourcesBuildPhase;
			buildActionMask = 2147483647;
			files = (
				B0A5CAA92672FECC00305BA9 /* HeartRateTests.swift in Sources */,
			);
			runOnlyForDeploymentPostprocessing = 0;
		};
		B0A5CAAB2672FECC00305BA9 /* Sources */ = {
			isa = PBXSourcesBuildPhase;
			buildActionMask = 2147483647;
			files = (
				B0A5CAB42672FECC00305BA9 /* HeartRateUITests.swift in Sources */,
			);
			runOnlyForDeploymentPostprocessing = 0;
		};
/* End PBXSourcesBuildPhase section */

/* Begin PBXTargetDependency section */
		B09AA40326719157007C2108 /* PBXTargetDependency */ = {
			isa = PBXTargetDependency;
			target = B09AA3E726719155007C2108 /* Sprint_0 */;
			targetProxy = B09AA40226719157007C2108 /* PBXContainerItemProxy */;
		};
		B09AA40E26719157007C2108 /* PBXTargetDependency */ = {
			isa = PBXTargetDependency;
			target = B09AA3E726719155007C2108 /* Sprint_0 */;
			targetProxy = B09AA40D26719157007C2108 /* PBXContainerItemProxy */;
		};
		B0A5CA922672FECB00305BA9 /* PBXTargetDependency */ = {
			isa = PBXTargetDependency;
			target = B0A5CA8E2672FECB00305BA9 /* HeartRate Extension */;
			targetProxy = B0A5CA912672FECB00305BA9 /* PBXContainerItemProxy */;
		};
		B0A5CAA62672FECC00305BA9 /* PBXTargetDependency */ = {
			isa = PBXTargetDependency;
			target = B0A5CA8E2672FECB00305BA9 /* HeartRate Extension */;
			targetProxy = B0A5CAA52672FECC00305BA9 /* PBXContainerItemProxy */;
		};
		B0A5CAB12672FECC00305BA9 /* PBXTargetDependency */ = {
			isa = PBXTargetDependency;
			target = B0A5CA822672FEC900305BA9 /* HeartRate */;
			targetProxy = B0A5CAB02672FECC00305BA9 /* PBXContainerItemProxy */;
		};
		B0A5CAB72672FECC00305BA9 /* PBXTargetDependency */ = {
			isa = PBXTargetDependency;
			target = B0A5CA822672FEC900305BA9 /* HeartRate */;
			targetProxy = B0A5CAB62672FECC00305BA9 /* PBXContainerItemProxy */;
		};
/* End PBXTargetDependency section */

/* Begin PBXVariantGroup section */
		B09AA3F126719155007C2108 /* Main.storyboard */ = {
			isa = PBXVariantGroup;
			children = (
				B09AA3F226719155007C2108 /* Base */,
			);
			name = Main.storyboard;
			sourceTree = "<group>";
		};
		B09AA3F926719156007C2108 /* LaunchScreen.storyboard */ = {
			isa = PBXVariantGroup;
			children = (
				B09AA3FA26719156007C2108 /* Base */,
			);
			name = LaunchScreen.storyboard;
			sourceTree = "<group>";
		};
		B0A5CA852672FEC900305BA9 /* Interface.storyboard */ = {
			isa = PBXVariantGroup;
			children = (
				B0A5CA862672FEC900305BA9 /* Base */,
			);
			name = Interface.storyboard;
			sourceTree = "<group>";
		};
/* End PBXVariantGroup section */

/* Begin XCBuildConfiguration section */
		B09AA41326719157007C2108 /* Debug */ = {
			isa = XCBuildConfiguration;
			buildSettings = {
				ALWAYS_SEARCH_USER_PATHS = NO;
				CLANG_ANALYZER_NONNULL = YES;
				CLANG_ANALYZER_NUMBER_OBJECT_CONVERSION = YES_AGGRESSIVE;
				CLANG_CXX_LANGUAGE_STANDARD = "gnu++14";
				CLANG_CXX_LIBRARY = "libc++";
				CLANG_ENABLE_MODULES = YES;
				CLANG_ENABLE_OBJC_ARC = YES;
				CLANG_ENABLE_OBJC_WEAK = YES;
				CLANG_WARN_BLOCK_CAPTURE_AUTORELEASING = YES;
				CLANG_WARN_BOOL_CONVERSION = YES;
				CLANG_WARN_COMMA = YES;
				CLANG_WARN_CONSTANT_CONVERSION = YES;
				CLANG_WARN_DEPRECATED_OBJC_IMPLEMENTATIONS = YES;
				CLANG_WARN_DIRECT_OBJC_ISA_USAGE = YES_ERROR;
				CLANG_WARN_DOCUMENTATION_COMMENTS = YES;
				CLANG_WARN_EMPTY_BODY = YES;
				CLANG_WARN_ENUM_CONVERSION = YES;
				CLANG_WARN_INFINITE_RECURSION = YES;
				CLANG_WARN_INT_CONVERSION = YES;
				CLANG_WARN_NON_LITERAL_NULL_CONVERSION = YES;
				CLANG_WARN_OBJC_IMPLICIT_RETAIN_SELF = YES;
				CLANG_WARN_OBJC_LITERAL_CONVERSION = YES;
				CLANG_WARN_OBJC_ROOT_CLASS = YES_ERROR;
				CLANG_WARN_QUOTED_INCLUDE_IN_FRAMEWORK_HEADER = YES;
				CLANG_WARN_RANGE_LOOP_ANALYSIS = YES;
				CLANG_WARN_STRICT_PROTOTYPES = YES;
				CLANG_WARN_SUSPICIOUS_MOVE = YES;
				CLANG_WARN_UNGUARDED_AVAILABILITY = YES_AGGRESSIVE;
				CLANG_WARN_UNREACHABLE_CODE = YES;
				CLANG_WARN__DUPLICATE_METHOD_MATCH = YES;
				COPY_PHASE_STRIP = NO;
				DEBUG_INFORMATION_FORMAT = dwarf;
				ENABLE_STRICT_OBJC_MSGSEND = YES;
				ENABLE_TESTABILITY = YES;
				GCC_C_LANGUAGE_STANDARD = gnu11;
				GCC_DYNAMIC_NO_PIC = NO;
				GCC_NO_COMMON_BLOCKS = YES;
				GCC_OPTIMIZATION_LEVEL = 0;
				GCC_PREPROCESSOR_DEFINITIONS = (
					"DEBUG=1",
					"$(inherited)",
				);
				GCC_WARN_64_TO_32_BIT_CONVERSION = YES;
				GCC_WARN_ABOUT_RETURN_TYPE = YES_ERROR;
				GCC_WARN_UNDECLARED_SELECTOR = YES;
				GCC_WARN_UNINITIALIZED_AUTOS = YES_AGGRESSIVE;
				GCC_WARN_UNUSED_FUNCTION = YES;
				GCC_WARN_UNUSED_VARIABLE = YES;
				IPHONEOS_DEPLOYMENT_TARGET = 14.1;
				MTL_ENABLE_DEBUG_INFO = INCLUDE_SOURCE;
				MTL_FAST_MATH = YES;
				ONLY_ACTIVE_ARCH = YES;
				SDKROOT = iphoneos;
				SWIFT_ACTIVE_COMPILATION_CONDITIONS = DEBUG;
				SWIFT_OPTIMIZATION_LEVEL = "-Onone";
			};
			name = Debug;
		};
		B09AA41426719157007C2108 /* Release */ = {
			isa = XCBuildConfiguration;
			buildSettings = {
				ALWAYS_SEARCH_USER_PATHS = NO;
				CLANG_ANALYZER_NONNULL = YES;
				CLANG_ANALYZER_NUMBER_OBJECT_CONVERSION = YES_AGGRESSIVE;
				CLANG_CXX_LANGUAGE_STANDARD = "gnu++14";
				CLANG_CXX_LIBRARY = "libc++";
				CLANG_ENABLE_MODULES = YES;
				CLANG_ENABLE_OBJC_ARC = YES;
				CLANG_ENABLE_OBJC_WEAK = YES;
				CLANG_WARN_BLOCK_CAPTURE_AUTORELEASING = YES;
				CLANG_WARN_BOOL_CONVERSION = YES;
				CLANG_WARN_COMMA = YES;
				CLANG_WARN_CONSTANT_CONVERSION = YES;
				CLANG_WARN_DEPRECATED_OBJC_IMPLEMENTATIONS = YES;
				CLANG_WARN_DIRECT_OBJC_ISA_USAGE = YES_ERROR;
				CLANG_WARN_DOCUMENTATION_COMMENTS = YES;
				CLANG_WARN_EMPTY_BODY = YES;
				CLANG_WARN_ENUM_CONVERSION = YES;
				CLANG_WARN_INFINITE_RECURSION = YES;
				CLANG_WARN_INT_CONVERSION = YES;
				CLANG_WARN_NON_LITERAL_NULL_CONVERSION = YES;
				CLANG_WARN_OBJC_IMPLICIT_RETAIN_SELF = YES;
				CLANG_WARN_OBJC_LITERAL_CONVERSION = YES;
				CLANG_WARN_OBJC_ROOT_CLASS = YES_ERROR;
				CLANG_WARN_QUOTED_INCLUDE_IN_FRAMEWORK_HEADER = YES;
				CLANG_WARN_RANGE_LOOP_ANALYSIS = YES;
				CLANG_WARN_STRICT_PROTOTYPES = YES;
				CLANG_WARN_SUSPICIOUS_MOVE = YES;
				CLANG_WARN_UNGUARDED_AVAILABILITY = YES_AGGRESSIVE;
				CLANG_WARN_UNREACHABLE_CODE = YES;
				CLANG_WARN__DUPLICATE_METHOD_MATCH = YES;
				COPY_PHASE_STRIP = NO;
				DEBUG_INFORMATION_FORMAT = "dwarf-with-dsym";
				ENABLE_NS_ASSERTIONS = NO;
				ENABLE_STRICT_OBJC_MSGSEND = YES;
				GCC_C_LANGUAGE_STANDARD = gnu11;
				GCC_NO_COMMON_BLOCKS = YES;
				GCC_WARN_64_TO_32_BIT_CONVERSION = YES;
				GCC_WARN_ABOUT_RETURN_TYPE = YES_ERROR;
				GCC_WARN_UNDECLARED_SELECTOR = YES;
				GCC_WARN_UNINITIALIZED_AUTOS = YES_AGGRESSIVE;
				GCC_WARN_UNUSED_FUNCTION = YES;
				GCC_WARN_UNUSED_VARIABLE = YES;
				IPHONEOS_DEPLOYMENT_TARGET = 14.1;
				MTL_ENABLE_DEBUG_INFO = NO;
				MTL_FAST_MATH = YES;
				SDKROOT = iphoneos;
				SWIFT_COMPILATION_MODE = wholemodule;
				SWIFT_OPTIMIZATION_LEVEL = "-O";
				VALIDATE_PRODUCT = YES;
			};
			name = Release;
		};
		B09AA41626719157007C2108 /* Debug */ = {
			isa = XCBuildConfiguration;
			buildSettings = {
				ASSETCATALOG_COMPILER_APPICON_NAME = AppIcon;
				ASSETCATALOG_COMPILER_GLOBAL_ACCENT_COLOR_NAME = AccentColor;
				CODE_SIGN_ENTITLEMENTS = Sprint_0/Sprint_0.entitlements;
				CODE_SIGN_STYLE = Automatic;
				DEVELOPMENT_TEAM = LVMK3Q3VT6;
				INFOPLIST_FILE = Sprint_0/Info.plist;
				LD_RUNPATH_SEARCH_PATHS = (
					"$(inherited)",
					"@executable_path/Frameworks",
				);
				PRODUCT_BUNDLE_IDENTIFIER = "TarlowTech.Sprint-0";
				PRODUCT_NAME = "$(TARGET_NAME)";
				SWIFT_VERSION = 5.0;
				TARGETED_DEVICE_FAMILY = "1,2";
			};
			name = Debug;
		};
		B09AA41726719157007C2108 /* Release */ = {
			isa = XCBuildConfiguration;
			buildSettings = {
				ASSETCATALOG_COMPILER_APPICON_NAME = AppIcon;
				ASSETCATALOG_COMPILER_GLOBAL_ACCENT_COLOR_NAME = AccentColor;
				CODE_SIGN_ENTITLEMENTS = Sprint_0/Sprint_0.entitlements;
				CODE_SIGN_STYLE = Automatic;
				DEVELOPMENT_TEAM = LVMK3Q3VT6;
				INFOPLIST_FILE = Sprint_0/Info.plist;
				LD_RUNPATH_SEARCH_PATHS = (
					"$(inherited)",
					"@executable_path/Frameworks",
				);
				PRODUCT_BUNDLE_IDENTIFIER = "TarlowTech.Sprint-0";
				PRODUCT_NAME = "$(TARGET_NAME)";
				SWIFT_VERSION = 5.0;
				TARGETED_DEVICE_FAMILY = "1,2";
			};
			name = Release;
		};
		B09AA41926719157007C2108 /* Debug */ = {
			isa = XCBuildConfiguration;
			buildSettings = {
				ALWAYS_EMBED_SWIFT_STANDARD_LIBRARIES = YES;
				BUNDLE_LOADER = "$(TEST_HOST)";
				CODE_SIGN_STYLE = Automatic;
				DEVELOPMENT_TEAM = LVMK3Q3VT6;
				INFOPLIST_FILE = Sprint_0Tests/Info.plist;
				IPHONEOS_DEPLOYMENT_TARGET = 14.5;
				LD_RUNPATH_SEARCH_PATHS = (
					"$(inherited)",
					"@executable_path/Frameworks",
					"@loader_path/Frameworks",
				);
				PRODUCT_BUNDLE_IDENTIFIER = "TarlowTech.Sprint-0Tests";
				PRODUCT_NAME = "$(TARGET_NAME)";
				SWIFT_VERSION = 5.0;
				TARGETED_DEVICE_FAMILY = "1,2";
				TEST_HOST = "$(BUILT_PRODUCTS_DIR)/Sprint_0.app/Sprint_0";
			};
			name = Debug;
		};
		B09AA41A26719157007C2108 /* Release */ = {
			isa = XCBuildConfiguration;
			buildSettings = {
				ALWAYS_EMBED_SWIFT_STANDARD_LIBRARIES = YES;
				BUNDLE_LOADER = "$(TEST_HOST)";
				CODE_SIGN_STYLE = Automatic;
				DEVELOPMENT_TEAM = LVMK3Q3VT6;
				INFOPLIST_FILE = Sprint_0Tests/Info.plist;
				IPHONEOS_DEPLOYMENT_TARGET = 14.5;
				LD_RUNPATH_SEARCH_PATHS = (
					"$(inherited)",
					"@executable_path/Frameworks",
					"@loader_path/Frameworks",
				);
				PRODUCT_BUNDLE_IDENTIFIER = "TarlowTech.Sprint-0Tests";
				PRODUCT_NAME = "$(TARGET_NAME)";
				SWIFT_VERSION = 5.0;
				TARGETED_DEVICE_FAMILY = "1,2";
				TEST_HOST = "$(BUILT_PRODUCTS_DIR)/Sprint_0.app/Sprint_0";
			};
			name = Release;
		};
		B09AA41C26719157007C2108 /* Debug */ = {
			isa = XCBuildConfiguration;
			buildSettings = {
				ALWAYS_EMBED_SWIFT_STANDARD_LIBRARIES = YES;
				CODE_SIGN_STYLE = Automatic;
				DEVELOPMENT_TEAM = LVMK3Q3VT6;
				INFOPLIST_FILE = Sprint_0UITests/Info.plist;
				LD_RUNPATH_SEARCH_PATHS = (
					"$(inherited)",
					"@executable_path/Frameworks",
					"@loader_path/Frameworks",
				);
				PRODUCT_BUNDLE_IDENTIFIER = "TarlowTech.Sprint-0UITests";
				PRODUCT_NAME = "$(TARGET_NAME)";
				SWIFT_VERSION = 5.0;
				TARGETED_DEVICE_FAMILY = "1,2";
				TEST_TARGET_NAME = Sprint_0;
			};
			name = Debug;
		};
		B09AA41D26719157007C2108 /* Release */ = {
			isa = XCBuildConfiguration;
			buildSettings = {
				ALWAYS_EMBED_SWIFT_STANDARD_LIBRARIES = YES;
				CODE_SIGN_STYLE = Automatic;
				DEVELOPMENT_TEAM = LVMK3Q3VT6;
				INFOPLIST_FILE = Sprint_0UITests/Info.plist;
				LD_RUNPATH_SEARCH_PATHS = (
					"$(inherited)",
					"@executable_path/Frameworks",
					"@loader_path/Frameworks",
				);
				PRODUCT_BUNDLE_IDENTIFIER = "TarlowTech.Sprint-0UITests";
				PRODUCT_NAME = "$(TARGET_NAME)";
				SWIFT_VERSION = 5.0;
				TARGETED_DEVICE_FAMILY = "1,2";
				TEST_TARGET_NAME = Sprint_0;
			};
			name = Release;
		};
		B0A5CABA2672FECC00305BA9 /* Debug */ = {
			isa = XCBuildConfiguration;
			buildSettings = {
				ALWAYS_EMBED_SWIFT_STANDARD_LIBRARIES = YES;
				ASSETCATALOG_COMPILER_APPICON_NAME = AppIcon;
				ASSETCATALOG_COMPILER_GLOBAL_ACCENT_COLOR_NAME = AccentColor;
				CODE_SIGN_STYLE = Automatic;
				DEVELOPMENT_TEAM = LVMK3Q3VT6;
				IBSC_MODULE = HeartRate_Extension;
				INFOPLIST_FILE = HeartRate/Info.plist;
				PRODUCT_BUNDLE_IDENTIFIER = "TarlowTech.Sprint-0.watchkitapp";
				PRODUCT_NAME = "$(TARGET_NAME)";
				SDKROOT = watchos;
				SKIP_INSTALL = NO;
				SWIFT_VERSION = 5.0;
				TARGETED_DEVICE_FAMILY = 4;
				WATCHOS_DEPLOYMENT_TARGET = 2.0;
			};
			name = Debug;
		};
		B0A5CABB2672FECC00305BA9 /* Release */ = {
			isa = XCBuildConfiguration;
			buildSettings = {
				ALWAYS_EMBED_SWIFT_STANDARD_LIBRARIES = YES;
				ASSETCATALOG_COMPILER_APPICON_NAME = AppIcon;
				ASSETCATALOG_COMPILER_GLOBAL_ACCENT_COLOR_NAME = AccentColor;
				CODE_SIGN_STYLE = Automatic;
				DEVELOPMENT_TEAM = LVMK3Q3VT6;
				IBSC_MODULE = HeartRate_Extension;
				INFOPLIST_FILE = HeartRate/Info.plist;
				PRODUCT_BUNDLE_IDENTIFIER = "TarlowTech.Sprint-0.watchkitapp";
				PRODUCT_NAME = "$(TARGET_NAME)";
				SDKROOT = watchos;
				SKIP_INSTALL = NO;
				SWIFT_VERSION = 5.0;
				TARGETED_DEVICE_FAMILY = 4;
				WATCHOS_DEPLOYMENT_TARGET = 2.0;
			};
			name = Release;
		};
		B0A5CABD2672FECC00305BA9 /* Debug */ = {
			isa = XCBuildConfiguration;
			buildSettings = {
				ASSETCATALOG_COMPILER_COMPLICATION_NAME = Complication;
				CODE_SIGN_ENTITLEMENTS = "HeartRate Extension/HeartRate Extension.entitlements";
				CODE_SIGN_STYLE = Automatic;
				DEVELOPMENT_TEAM = LVMK3Q3VT6;
				INFOPLIST_FILE = "HeartRate Extension/Info.plist";
				LD_RUNPATH_SEARCH_PATHS = (
					"$(inherited)",
					"@executable_path/Frameworks",
					"@executable_path/../../Frameworks",
				);
				PRODUCT_BUNDLE_IDENTIFIER = "TarlowTech.Sprint-0.watchkitapp.watchkitextension";
				PRODUCT_NAME = "${TARGET_NAME}";
				SDKROOT = watchos;
				SKIP_INSTALL = YES;
				SWIFT_VERSION = 5.0;
				TARGETED_DEVICE_FAMILY = 4;
				WATCHOS_DEPLOYMENT_TARGET = 2.0;
			};
			name = Debug;
		};
		B0A5CABE2672FECC00305BA9 /* Release */ = {
			isa = XCBuildConfiguration;
			buildSettings = {
				ASSETCATALOG_COMPILER_COMPLICATION_NAME = Complication;
				CODE_SIGN_ENTITLEMENTS = "HeartRate Extension/HeartRate Extension.entitlements";
				CODE_SIGN_STYLE = Automatic;
				DEVELOPMENT_TEAM = LVMK3Q3VT6;
				INFOPLIST_FILE = "HeartRate Extension/Info.plist";
				LD_RUNPATH_SEARCH_PATHS = (
					"$(inherited)",
					"@executable_path/Frameworks",
					"@executable_path/../../Frameworks",
				);
				PRODUCT_BUNDLE_IDENTIFIER = "TarlowTech.Sprint-0.watchkitapp.watchkitextension";
				PRODUCT_NAME = "${TARGET_NAME}";
				SDKROOT = watchos;
				SKIP_INSTALL = YES;
				SWIFT_VERSION = 5.0;
				TARGETED_DEVICE_FAMILY = 4;
				WATCHOS_DEPLOYMENT_TARGET = 2.0;
			};
			name = Release;
		};
		B0A5CABF2672FECC00305BA9 /* Debug */ = {
			isa = XCBuildConfiguration;
			buildSettings = {
				ALWAYS_EMBED_SWIFT_STANDARD_LIBRARIES = YES;
				BUNDLE_LOADER = "$(TEST_HOST)";
				CODE_SIGN_STYLE = Automatic;
				DEVELOPMENT_TEAM = LVMK3Q3VT6;
				INFOPLIST_FILE = HeartRateTests/Info.plist;
				LD_RUNPATH_SEARCH_PATHS = (
					"$(inherited)",
					"@executable_path/Frameworks",
					"@loader_path/Frameworks",
				);
				PRODUCT_BUNDLE_IDENTIFIER = "TarlowTech.Sprint-0.HeartRateTests";
				PRODUCT_NAME = "$(TARGET_NAME)";
				SDKROOT = watchos;
				SWIFT_VERSION = 5.0;
				TARGETED_DEVICE_FAMILY = 4;
				TEST_HOST = "$(BUILT_PRODUCTS_DIR)/HeartRate Extension.appex/HeartRate Extension";
				WATCHOS_DEPLOYMENT_TARGET = 7.4;
			};
			name = Debug;
		};
		B0A5CAC02672FECC00305BA9 /* Release */ = {
			isa = XCBuildConfiguration;
			buildSettings = {
				ALWAYS_EMBED_SWIFT_STANDARD_LIBRARIES = YES;
				BUNDLE_LOADER = "$(TEST_HOST)";
				CODE_SIGN_STYLE = Automatic;
				DEVELOPMENT_TEAM = LVMK3Q3VT6;
				INFOPLIST_FILE = HeartRateTests/Info.plist;
				LD_RUNPATH_SEARCH_PATHS = (
					"$(inherited)",
					"@executable_path/Frameworks",
					"@loader_path/Frameworks",
				);
				PRODUCT_BUNDLE_IDENTIFIER = "TarlowTech.Sprint-0.HeartRateTests";
				PRODUCT_NAME = "$(TARGET_NAME)";
				SDKROOT = watchos;
				SWIFT_VERSION = 5.0;
				TARGETED_DEVICE_FAMILY = 4;
				TEST_HOST = "$(BUILT_PRODUCTS_DIR)/HeartRate Extension.appex/HeartRate Extension";
				WATCHOS_DEPLOYMENT_TARGET = 7.4;
			};
			name = Release;
		};
		B0A5CAC12672FECC00305BA9 /* Debug */ = {
			isa = XCBuildConfiguration;
			buildSettings = {
				CODE_SIGN_STYLE = Automatic;
				DEVELOPMENT_TEAM = LVMK3Q3VT6;
				INFOPLIST_FILE = HeartRateUITests/Info.plist;
				LD_RUNPATH_SEARCH_PATHS = (
					"$(inherited)",
					"@executable_path/Frameworks",
					"@loader_path/Frameworks",
				);
				PRODUCT_BUNDLE_IDENTIFIER = "TarlowTech.Sprint-0.HeartRateUITests";
				PRODUCT_NAME = "$(TARGET_NAME)";
				SDKROOT = watchos;
				SWIFT_VERSION = 5.0;
				TARGETED_DEVICE_FAMILY = 4;
				TEST_TARGET_NAME = HeartRate;
				WATCHOS_DEPLOYMENT_TARGET = 7.4;
			};
			name = Debug;
		};
		B0A5CAC22672FECC00305BA9 /* Release */ = {
			isa = XCBuildConfiguration;
			buildSettings = {
				CODE_SIGN_STYLE = Automatic;
				DEVELOPMENT_TEAM = LVMK3Q3VT6;
				INFOPLIST_FILE = HeartRateUITests/Info.plist;
				LD_RUNPATH_SEARCH_PATHS = (
					"$(inherited)",
					"@executable_path/Frameworks",
					"@loader_path/Frameworks",
				);
				PRODUCT_BUNDLE_IDENTIFIER = "TarlowTech.Sprint-0.HeartRateUITests";
				PRODUCT_NAME = "$(TARGET_NAME)";
				SDKROOT = watchos;
				SWIFT_VERSION = 5.0;
				TARGETED_DEVICE_FAMILY = 4;
				TEST_TARGET_NAME = HeartRate;
				WATCHOS_DEPLOYMENT_TARGET = 7.4;
			};
			name = Release;
		};
/* End XCBuildConfiguration section */

/* Begin XCConfigurationList section */
		B09AA3E326719155007C2108 /* Build configuration list for PBXProject "Sprint_0" */ = {
			isa = XCConfigurationList;
			buildConfigurations = (
				B09AA41326719157007C2108 /* Debug */,
				B09AA41426719157007C2108 /* Release */,
			);
			defaultConfigurationIsVisible = 0;
			defaultConfigurationName = Release;
		};
		B09AA41526719157007C2108 /* Build configuration list for PBXNativeTarget "Sprint_0" */ = {
			isa = XCConfigurationList;
			buildConfigurations = (
				B09AA41626719157007C2108 /* Debug */,
				B09AA41726719157007C2108 /* Release */,
			);
			defaultConfigurationIsVisible = 0;
			defaultConfigurationName = Release;
		};
		B09AA41826719157007C2108 /* Build configuration list for PBXNativeTarget "Sprint_0Tests" */ = {
			isa = XCConfigurationList;
			buildConfigurations = (
				B09AA41926719157007C2108 /* Debug */,
				B09AA41A26719157007C2108 /* Release */,
			);
			defaultConfigurationIsVisible = 0;
			defaultConfigurationName = Release;
		};
		B09AA41B26719157007C2108 /* Build configuration list for PBXNativeTarget "Sprint_0UITests" */ = {
			isa = XCConfigurationList;
			buildConfigurations = (
				B09AA41C26719157007C2108 /* Debug */,
				B09AA41D26719157007C2108 /* Release */,
			);
			defaultConfigurationIsVisible = 0;
			defaultConfigurationName = Release;
		};
		B0A5CAC32672FECC00305BA9 /* Build configuration list for PBXNativeTarget "HeartRate Extension" */ = {
			isa = XCConfigurationList;
			buildConfigurations = (
				B0A5CABD2672FECC00305BA9 /* Debug */,
				B0A5CABE2672FECC00305BA9 /* Release */,
			);
			defaultConfigurationIsVisible = 0;
			defaultConfigurationName = Release;
		};
		B0A5CAC42672FECC00305BA9 /* Build configuration list for PBXNativeTarget "HeartRate" */ = {
			isa = XCConfigurationList;
			buildConfigurations = (
				B0A5CABA2672FECC00305BA9 /* Debug */,
				B0A5CABB2672FECC00305BA9 /* Release */,
			);
			defaultConfigurationIsVisible = 0;
			defaultConfigurationName = Release;
		};
		B0A5CAC52672FECC00305BA9 /* Build configuration list for PBXNativeTarget "HeartRateTests" */ = {
			isa = XCConfigurationList;
			buildConfigurations = (
				B0A5CABF2672FECC00305BA9 /* Debug */,
				B0A5CAC02672FECC00305BA9 /* Release */,
			);
			defaultConfigurationIsVisible = 0;
			defaultConfigurationName = Release;
		};
		B0A5CAC62672FECC00305BA9 /* Build configuration list for PBXNativeTarget "HeartRateUITests" */ = {
			isa = XCConfigurationList;
			buildConfigurations = (
				B0A5CAC12672FECC00305BA9 /* Debug */,
				B0A5CAC22672FECC00305BA9 /* Release */,
			);
			defaultConfigurationIsVisible = 0;
			defaultConfigurationName = Release;
		};
/* End XCConfigurationList section */

/* Begin XCVersionGroup section */
		B09AA3F426719155007C2108 /* Sprint_0.xcdatamodeld */ = {
			isa = XCVersionGroup;
			children = (
				B09AA3F526719155007C2108 /* Sprint_0.xcdatamodel */,
			);
			currentVersion = B09AA3F526719155007C2108 /* Sprint_0.xcdatamodel */;
			path = Sprint_0.xcdatamodeld;
			sourceTree = "<group>";
			versionGroupType = wrapper.xcdatamodel;
		};
/* End XCVersionGroup section */
	};
	rootObject = B09AA3E026719155007C2108 /* Project object */;
}
